
Microsoft Visual Studio Solution File, Format Version 12.00
# Visual Studio 15
VisualStudioVersion = 15.0.27703.2000
MinimumVisualStudioVersion = 10.0.40219.1
Project("{FAE04EC0-301F-11D3-BF4B-00C04F79EFBC}") = "GalleryWebSite", "GalleryWebSite\GalleryWebSite.csproj", "{E8E87C3F-401D-4A05-8811-3CD330712D13}"
EndProject
Global
	GlobalSection(SolutionConfigurationPlatforms) = preSolution
		Debug|Any CPU = Debug|Any CPU
		Release|Any CPU = Release|Any CPU
	EndGlobalSection
	GlobalSection(ProjectConfigurationPlatforms) = postSolution
		{E8E87C3F-401D-4A05-8811-3CD330712D13}.Debug|Any CPU.ActiveCfg = Debug|Any CPU
		{E8E87C3F-401D-4A05-8811-3CD330712D13}.Debug|Any CPU.Build.0 = Debug|Any CPU
		{E8E87C3F-401D-4A05-8811-3CD330712D13}.Release|Any CPU.ActiveCfg = Release|Any CPU
		{E8E87C3F-401D-4A05-8811-3CD330712D13}.Release|Any CPU.Build.0 = Release|Any CPU
	EndGlobalSection
	GlobalSection(SolutionProperties) = preSolution
		HideSolutionNode = FALSE
	EndGlobalSection
	GlobalSection(ExtensibilityGlobals) = postSolution
		SolutionGuid = {B88B8B1C-9BB3-4E69-A73E-0B3DBB9D3797}
	EndGlobalSection
EndGlobal
